
Microsoft Visual Studio Solution File, Format Version 12.00
# Visual Studio Version 17
VisualStudioVersion = 17.10.35122.118
MinimumVisualStudioVersion = 10.0.40219.1
Project("{FAE04EC0-301F-11D3-BF4B-00C04F79EFBC}") = "TheDressVault", "TheDressVault\TheDressVault.csproj", "{DCBB4771-229B-482C-B04B-94D9F885933D}"
EndProject
Project("{FAE04EC0-301F-11D3-BF4B-00C04F79EFBC}") = "Dresses.Core", "Dresses.Core\Dresses.Core.csproj", "{9D4F5864-1B4F-4AE2-A00A-36A361C22E30}"
EndProject
Project("{FAE04EC0-301F-11D3-BF4B-00C04F79EFBC}") = "Dresses.Data", "Dresses.Data\Dresses.Data.csproj", "{040E4892-362A-44C2-A512-936BD52FB28F}"
EndProject
Project("{FAE04EC0-301F-11D3-BF4B-00C04F79EFBC}") = "Dresses.Service", "Dresses.Service\Dresses.Service.csproj", "{C5B8A91C-FE80-457F-BB9C-6C60C1B887DF}"
EndProject
Global
	GlobalSection(SolutionConfigurationPlatforms) = preSolution
		Debug|Any CPU = Debug|Any CPU
		Release|Any CPU = Release|Any CPU
	EndGlobalSection
	GlobalSection(ProjectConfigurationPlatforms) = postSolution
		{DCBB4771-229B-482C-B04B-94D9F885933D}.Debug|Any CPU.ActiveCfg = Debug|Any CPU
		{DCBB4771-229B-482C-B04B-94D9F885933D}.Debug|Any CPU.Build.0 = Debug|Any CPU
		{DCBB4771-229B-482C-B04B-94D9F885933D}.Release|Any CPU.ActiveCfg = Release|Any CPU
		{DCBB4771-229B-482C-B04B-94D9F885933D}.Release|Any CPU.Build.0 = Release|Any CPU
		{9D4F5864-1B4F-4AE2-A00A-36A361C22E30}.Debug|Any CPU.ActiveCfg = Debug|Any CPU
		{9D4F5864-1B4F-4AE2-A00A-36A361C22E30}.Debug|Any CPU.Build.0 = Debug|Any CPU
		{9D4F5864-1B4F-4AE2-A00A-36A361C22E30}.Release|Any CPU.ActiveCfg = Release|Any CPU
		{9D4F5864-1B4F-4AE2-A00A-36A361C22E30}.Release|Any CPU.Build.0 = Release|Any CPU
		{040E4892-362A-44C2-A512-936BD52FB28F}.Debug|Any CPU.ActiveCfg = Debug|Any CPU
		{040E4892-362A-44C2-A512-936BD52FB28F}.Debug|Any CPU.Build.0 = Debug|Any CPU
		{040E4892-362A-44C2-A512-936BD52FB28F}.Release|Any CPU.ActiveCfg = Release|Any CPU
		{040E4892-362A-44C2-A512-936BD52FB28F}.Release|Any CPU.Build.0 = Release|Any CPU
		{C5B8A91C-FE80-457F-BB9C-6C60C1B887DF}.Debug|Any CPU.ActiveCfg = Debug|Any CPU
		{C5B8A91C-FE80-457F-BB9C-6C60C1B887DF}.Debug|Any CPU.Build.0 = Debug|Any CPU
		{C5B8A91C-FE80-457F-BB9C-6C60C1B887DF}.Release|Any CPU.ActiveCfg = Release|Any CPU
		{C5B8A91C-FE80-457F-BB9C-6C60C1B887DF}.Release|Any CPU.Build.0 = Release|Any CPU
	EndGlobalSection
	GlobalSection(SolutionProperties) = preSolution
		HideSolutionNode = FALSE
	EndGlobalSection
	GlobalSection(ExtensibilityGlobals) = postSolution
		SolutionGuid = {834468F0-D026-488D-9DDA-497EF7AD1E2D}
	EndGlobalSection
EndGlobal
